
Microsoft Visual Studio Solution File, Format Version 12.00
# Visual Studio Version 17
VisualStudioVersion = 17.4.33213.308
MinimumVisualStudioVersion = 10.0.40219.1
Project("{9A19103F-16F7-4668-BE54-9A1E7A4F7556}") = "CountryAPI", "CountryAPI.csproj", "{980D9926-34D5-4664-AA08-5A4D83C58067}"
	ProjectSection(ProjectDependencies) = postProject
		{BBB0946E-AAE5-4A64-A972-4955DE294C41} = {BBB0946E-AAE5-4A64-A972-4955DE294C41}
		{C3628623-8108-48AD-BD4E-34A759A7C061} = {C3628623-8108-48AD-BD4E-34A759A7C061}
	EndProjectSection
EndProject
Project("{9A19103F-16F7-4668-BE54-9A1E7A4F7556}") = "ServiceLayer", "..\ServiceLayer\ServiceLayer.csproj", "{C3628623-8108-48AD-BD4E-34A759A7C061}"
	ProjectSection(ProjectDependencies) = postProject
		{BBB0946E-AAE5-4A64-A972-4955DE294C41} = {BBB0946E-AAE5-4A64-A972-4955DE294C41}
		{C0C3418E-0E8C-4634-9436-097BC04A23A2} = {C0C3418E-0E8C-4634-9436-097BC04A23A2}
	EndProjectSection
EndProject
Project("{9A19103F-16F7-4668-BE54-9A1E7A4F7556}") = "RepositoryLayer", "..\RepositoryLayer\RepositoryLayer.csproj", "{C0C3418E-0E8C-4634-9436-097BC04A23A2}"
	ProjectSection(ProjectDependencies) = postProject
		{BBB0946E-AAE5-4A64-A972-4955DE294C41} = {BBB0946E-AAE5-4A64-A972-4955DE294C41}
	EndProjectSection
EndProject
Project("{9A19103F-16F7-4668-BE54-9A1E7A4F7556}") = "Core", "..\Core\Core.csproj", "{BBB0946E-AAE5-4A64-A972-4955DE294C41}"
EndProject
Global
	GlobalSection(SolutionConfigurationPlatforms) = preSolution
		Debug|Any CPU = Debug|Any CPU
		Release|Any CPU = Release|Any CPU
	EndGlobalSection
	GlobalSection(ProjectConfigurationPlatforms) = postSolution
		{980D9926-34D5-4664-AA08-5A4D83C58067}.Debug|Any CPU.ActiveCfg = Debug|Any CPU
		{980D9926-34D5-4664-AA08-5A4D83C58067}.Debug|Any CPU.Build.0 = Debug|Any CPU
		{980D9926-34D5-4664-AA08-5A4D83C58067}.Release|Any CPU.ActiveCfg = Release|Any CPU
		{980D9926-34D5-4664-AA08-5A4D83C58067}.Release|Any CPU.Build.0 = Release|Any CPU
		{C3628623-8108-48AD-BD4E-34A759A7C061}.Debug|Any CPU.ActiveCfg = Debug|Any CPU
		{C3628623-8108-48AD-BD4E-34A759A7C061}.Debug|Any CPU.Build.0 = Debug|Any CPU
		{C3628623-8108-48AD-BD4E-34A759A7C061}.Release|Any CPU.ActiveCfg = Release|Any CPU
		{C3628623-8108-48AD-BD4E-34A759A7C061}.Release|Any CPU.Build.0 = Release|Any CPU
		{C0C3418E-0E8C-4634-9436-097BC04A23A2}.Debug|Any CPU.ActiveCfg = Debug|Any CPU
		{C0C3418E-0E8C-4634-9436-097BC04A23A2}.Debug|Any CPU.Build.0 = Debug|Any CPU
		{C0C3418E-0E8C-4634-9436-097BC04A23A2}.Release|Any CPU.ActiveCfg = Release|Any CPU
		{C0C3418E-0E8C-4634-9436-097BC04A23A2}.Release|Any CPU.Build.0 = Release|Any CPU
		{BBB0946E-AAE5-4A64-A972-4955DE294C41}.Debug|Any CPU.ActiveCfg = Debug|Any CPU
		{BBB0946E-AAE5-4A64-A972-4955DE294C41}.Debug|Any CPU.Build.0 = Debug|Any CPU
		{BBB0946E-AAE5-4A64-A972-4955DE294C41}.Release|Any CPU.ActiveCfg = Release|Any CPU
		{BBB0946E-AAE5-4A64-A972-4955DE294C41}.Release|Any CPU.Build.0 = Release|Any CPU
	EndGlobalSection
	GlobalSection(SolutionProperties) = preSolution
		HideSolutionNode = FALSE
	EndGlobalSection
	GlobalSection(ExtensibilityGlobals) = postSolution
		SolutionGuid = {406CA05F-577E-4DDD-BB25-7D3E28B03EBA}
	EndGlobalSection
EndGlobal
